
Microsoft Visual Studio Solution File, Format Version 12.00
# Visual Studio Version 17
VisualStudioVersion = 17.7.34202.233
MinimumVisualStudioVersion = 10.0.40219.1
Project("{FAE04EC0-301F-11D3-BF4B-00C04F79EFBC}") = "switchcasemonthofyearqisa", "switchcasemonthofyearqisa.csproj", "{72945666-DBFF-42BF-85AF-E4EE8BCDB923}"
EndProject
Global
	GlobalSection(SolutionConfigurationPlatforms) = preSolution
		Debug|Any CPU = Debug|Any CPU
		Release|Any CPU = Release|Any CPU
	EndGlobalSection
	GlobalSection(ProjectConfigurationPlatforms) = postSolution
		{72945666-DBFF-42BF-85AF-E4EE8BCDB923}.Debug|Any CPU.ActiveCfg = Debug|Any CPU
		{72945666-DBFF-42BF-85AF-E4EE8BCDB923}.Debug|Any CPU.Build.0 = Debug|Any CPU
		{72945666-DBFF-42BF-85AF-E4EE8BCDB923}.Release|Any CPU.ActiveCfg = Release|Any CPU
		{72945666-DBFF-42BF-85AF-E4EE8BCDB923}.Release|Any CPU.Build.0 = Release|Any CPU
	EndGlobalSection
	GlobalSection(SolutionProperties) = preSolution
		HideSolutionNode = FALSE
	EndGlobalSection
	GlobalSection(ExtensibilityGlobals) = postSolution
		SolutionGuid = {3E6E953F-9106-4496-9160-55E6F53D4E00}
	EndGlobalSection
EndGlobal
